{
  "object": {
    "pins": [
      {
        "package": "NetworkKit",
        "repositoryURL": "https://github.com/avario/NetworkKit",
        "state": {
          "branch": null,
          "revision": "bd2104230f6038efe5cbd9a003c262553ebc2aea",
          "version": "2.0.0"
        }
      }
    ]
  },
  "version": 1
}
